// !$*UTF8*$!
{
	archiveVersion = 1;
	classes = {
	};
	objectVersion = 56;
	objects = {

/* Begin PBXBuildFile section */
		2134ED1B306EC25F00138EB3 /* VoicePickerView.swift in Sources */ = {isa = PBXBuildFile; fileRef = 2134ED1A306EC25C00138EB3 /* VoicePickerView.swift */; };
		2134ED1F306ECE5200138EB3 /* Chapter.swift in Sources */ = {isa = PBXBuildFile; fileRef = 2134ED1C306ECA4100138EB3 /* Chapter.swift */; };
		2134ED20306ECE5800138EB3 /* WebPageLoader.swift in Sources */ = {isa = PBXBuildFile; fileRef = 2134ED1D306ECA4200138EB3 /* WebPageLoader.swift */; };
		2134ED21306ECE6400138EB3 /* ArticleExtractor.swift in Sources */ = {isa = PBXBuildFile; fileRef = 2134ED1E306ECA4200138EB3 /* ArticleExtractor.swift */; };
		2134ED23306F265600138EB3 /* WTRLabModels.swift in Sources */ = {isa = PBXBuildFile; fileRef = 2134ED22306F265600138EB3 /* WTRLabModels.swift */; };
		2151EC3A307017700024ED95 /* Assets.xcassets in Resources */ = {isa = PBXBuildFile; fileRef = 2151EC39307017700024ED95 /* Assets.xcassets */; };
		21F77C79306F28E1003976E0 /* WTRLabAPIClient.swift in Sources */ = {isa = PBXBuildFile; fileRef = 21F77C78306F28E1003976E0 /* WTRLabAPIClient.swift */; };
		21F77C7B306F28E1003976E0 /* WTRLabExtractor.swift in Sources */ = {isa = PBXBuildFile; fileRef = 21F77C7A306F28E1003976E0 /* WTRLabExtractor.swift */; };
		A10000000000000000000001 /* NovelReaderApp.swift in Sources */ = {isa = PBXBuildFile; fileRef = B10000000000000000000001 /* NovelReaderApp.swift */; };
		A10000000000000000000002 /* ReaderView.swift in Sources */ = {isa = PBXBuildFile; fileRef = B10000000000000000000002 /* ReaderView.swift */; };
		A10000000000000000000003 /* SpeechManager.swift in Sources */ = {isa = PBXBuildFile; fileRef = B10000000000000000000003 /* SpeechManager.swift */; };
/* End PBXBuildFile section */

/* Begin PBXFileReference section */
		2134ED1A306EC25C00138EB3 /* VoicePickerView.swift */ = {isa = PBXFileReference; lastKnownFileType = sourcecode.swift; path = VoicePickerView.swift; sourceTree = "<group>"; };
		2134ED1C306ECA4100138EB3 /* Chapter.swift */ = {isa = PBXFileReference; lastKnownFileType = sourcecode.swift; path = Chapter.swift; sourceTree = "<group>"; };
		2134ED1D306ECA4200138EB3 /* WebPageLoader.swift */ = {isa = PBXFileReference; lastKnownFileType = sourcecode.swift; path = WebPageLoader.swift; sourceTree = "<group>"; };
		2134ED1E306ECA4200138EB3 /* ArticleExtractor.swift */ = {isa = PBXFileReference; lastKnownFileType = sourcecode.swift; path = ArticleExtractor.swift; sourceTree = "<group>"; };
		2134ED22306F265600138EB3 /* WTRLabModels.swift */ = {isa = PBXFileReference; lastKnownFileType = sourcecode.swift; path = WTRLabModels.swift; sourceTree = "<group>"; };
		2151EC39307017700024ED95 /* Assets.xcassets */ = {isa = PBXFileReference; lastKnownFileType = folder.assetcatalog; path = Assets.xcassets; sourceTree = "<group>"; };
		21F77C78306F28E1003976E0 /* WTRLabAPIClient.swift */ = {isa = PBXFileReference; lastKnownFileType = sourcecode.swift; path = WTRLabAPIClient.swift; sourceTree = "<group>"; };
		21F77C7A306F28E1003976E0 /* WTRLabExtractor.swift */ = {isa = PBXFileReference; lastKnownFileType = sourcecode.swift; path = WTRLabExtractor.swift; sourceTree = "<group>"; };
		B10000000000000000000001 /* NovelReaderApp.swift */ = {isa = PBXFileReference; lastKnownFileType = sourcecode.swift; path = NovelReaderApp.swift; sourceTree = "<group>"; };
		B10000000000000000000002 /* ReaderView.swift */ = {isa = PBXFileReference; lastKnownFileType = sourcecode.swift; path = ReaderView.swift; sourceTree = "<group>"; };
		B10000000000000000000003 /* SpeechManager.swift */ = {isa = PBXFileReference; lastKnownFileType = sourcecode.swift; path = SpeechManager.swift; sourceTree = "<group>"; };
		B10000000000000000000004 /* Info.plist */ = {isa = PBXFileReference; lastKnownFileType = text.plist.xml; path = Info.plist; sourceTree = "<group>"; };
		B10000000000000000000005 /* NovelReader.app */ = {isa = PBXFileReference; explicitFileType = wrapper.application; includeInIndex = 0; path = NovelReader.app; sourceTree = BUILT_PRODUCTS_DIR; };
/* End PBXFileReference section */

/* Begin PBXFrameworksBuildPhase section */
		C10000000000000000000001 /* Frameworks */ = {
			isa = PBXFrameworksBuildPhase;
			buildActionMask = 2147483647;
			files = (
			);
			runOnlyForDeploymentPostprocessing = 0;
		};
/* End PBXFrameworksBuildPhase section */

/* Begin PBXGroup section */
		D10000000000000000000001 = {
			isa = PBXGroup;
			children = (
				D10000000000000000000002,
				2134ED1C306ECA4100138EB3 /* Chapter.swift */,
				2134ED1D306ECA4200138EB3 /* WebPageLoader.swift */,
				2134ED1E306ECA4200138EB3 /* ArticleExtractor.swift */,
				2134ED22306F265600138EB3 /* WTRLabModels.swift */,
				21F77C78306F28E1003976E0 /* WTRLabAPIClient.swift */,
				21F77C7A306F28E1003976E0 /* WTRLabExtractor.swift */,
				2151EC39307017700024ED95 /* Assets.xcassets */,
				D10000000000000000000003 /* Products */,
			);
			sourceTree = "<group>";
		};
		D10000000000000000000002 = {
			isa = PBXGroup;
			children = (
				B10000000000000000000001 /* NovelReaderApp.swift */,
				2134ED1A306EC25C00138EB3 /* VoicePickerView.swift */,
				B10000000000000000000002 /* ReaderView.swift */,
				B10000000000000000000003 /* SpeechManager.swift */,
				B10000000000000000000004 /* Info.plist */,
			);
			sourceTree = "<group>";
		};
		D10000000000000000000003 /* Products */ = {
			isa = PBXGroup;
			children = (
				B10000000000000000000005 /* NovelReader.app */,
			);
			name = Products;
			sourceTree = "<group>";
		};
/* End PBXGroup section */

/* Begin PBXNativeTarget section */
		E10000000000000000000001 /* NovelReader */ = {
			isa = PBXNativeTarget;
			buildConfigurationList = F10000000000000000000002 /* Build configuration list for PBXNativeTarget "NovelReader" */;
			buildPhases = (
				C10000000000000000000002 /* Sources */,
				C10000000000000000000001 /* Frameworks */,
				C10000000000000000000003 /* Resources */,
			);
			buildRules = (
			);
			dependencies = (
			);
			name = NovelReader;
			productName = NovelReader;
			productReference = B10000000000000000000005 /* NovelReader.app */;
			productType = "com.apple.product-type.application";
		};
/* End PBXNativeTarget section */

/* Begin PBXProject section */
		E10000000000000000000002 /* Project object */ = {
			isa = PBXProject;
			attributes = {
				BuildIndependentTargetsInParallel = 1;
				LastUpgradeCheck = 1600;
			};
			buildConfigurationList = F10000000000000000000001 /* Build configuration list for PBXProject "NovelReader" */;
			compatibilityVersion = "Xcode 14.0";
			developmentRegion = en;
			hasScannedForEncodings = 0;
			knownRegions = (
				en,
				Base,
			);
			mainGroup = D10000000000000000000001;
			productRefGroup = D10000000000000000000003 /* Products */;
			projectDirPath = "";
			projectRoot = "";
			targets = (
				E10000000000000000000001 /* NovelReader */,
			);
		};
/* End PBXProject section */

/* Begin PBXResourcesBuildPhase section */
		C10000000000000000000003 /* Resources */ = {
			isa = PBXResourcesBuildPhase;
			buildActionMask = 2147483647;
			files = (
				2151EC3A307017700024ED95 /* Assets.xcassets in Resources */,
			);
			runOnlyForDeploymentPostprocessing = 0;
		};
/* End PBXResourcesBuildPhase section */

/* Begin PBXSourcesBuildPhase section */
		C10000000000000000000002 /* Sources */ = {
			isa = PBXSourcesBuildPhase;
			buildActionMask = 2147483647;
			files = (
				2134ED20306ECE5800138EB3 /* WebPageLoader.swift in Sources */,
				A10000000000000000000001 /* NovelReaderApp.swift in Sources */,
				2134ED1F306ECE5200138EB3 /* Chapter.swift in Sources */,
				A10000000000000000000002 /* ReaderView.swift in Sources */,
				2134ED21306ECE6400138EB3 /* ArticleExtractor.swift in Sources */,
				2134ED23306F265600138EB3 /* WTRLabModels.swift in Sources */,
				A10000000000000000000003 /* SpeechManager.swift in Sources */,
				21F77C79306F28E1003976E0 /* WTRLabAPIClient.swift in Sources */,
				21F77C7B306F28E1003976E0 /* WTRLabExtractor.swift in Sources */,
				2134ED1B306EC25F00138EB3 /* VoicePickerView.swift in Sources */,
			);
			runOnlyForDeploymentPostprocessing = 0;
		};
/* End PBXSourcesBuildPhase section */

/* Begin XCBuildConfiguration section */
		F20000000000000000000001 /* Debug */ = {
			isa = XCBuildConfiguration;
			buildSettings = {
				ALWAYS_SEARCH_USER_PATHS = NO;
				CLANG_ENABLE_MODULES = YES;
				IPHONEOS_DEPLOYMENT_TARGET = 17.0;
				SDKROOT = iphoneos;
				SWIFT_VERSION = 5.0;
			};
			name = Debug;
		};
		F20000000000000000000002 /* Release */ = {
			isa = XCBuildConfiguration;
			buildSettings = {
				ALWAYS_SEARCH_USER_PATHS = NO;
				CLANG_ENABLE_MODULES = YES;
				IPHONEOS_DEPLOYMENT_TARGET = 17.0;
				SDKROOT = iphoneos;
				SWIFT_VERSION = 5.0;
			};
			name = Release;
		};
		F20000000000000000000003 /* Debug */ = {
			isa = XCBuildConfiguration;
			buildSettings = {
				ASSETCATALOG_COMPILER_APPICON_NAME = AppIcon;
				CODE_SIGN_STYLE = Automatic;
				DEVELOPMENT_TEAM = 7JK95B644Y;
				GENERATE_INFOPLIST_FILE = NO;
				INFOPLIST_FILE = Info.plist;
				IPHONEOS_DEPLOYMENT_TARGET = 17.0;
				PRODUCT_BUNDLE_IDENTIFIER = com.ayoub.novelreader.poc0930;
				PRODUCT_NAME = "$(TARGET_NAME)";
				SWIFT_EMIT_LOC_STRINGS = YES;
				SWIFT_VERSION = 5.0;
				TARGETED_DEVICE_FAMILY = "1,2";
			};
			name = Debug;
		};
		F20000000000000000000004 /* Release */ = {
			isa = XCBuildConfiguration;
			buildSettings = {
				ASSETCATALOG_COMPILER_APPICON_NAME = AppIcon;
				CODE_SIGN_STYLE = Automatic;
				DEVELOPMENT_TEAM = 7JK95B644Y;
				GENERATE_INFOPLIST_FILE = NO;
				INFOPLIST_FILE = Info.plist;
				IPHONEOS_DEPLOYMENT_TARGET = 17.0;
				PRODUCT_BUNDLE_IDENTIFIER = com.ayoub.novelreader.poc0930;
				PRODUCT_NAME = "$(TARGET_NAME)";
				SWIFT_EMIT_LOC_STRINGS = YES;
				SWIFT_VERSION = 5.0;
				TARGETED_DEVICE_FAMILY = "1,2";
			};
			name = Release;
		};
/* End XCBuildConfiguration section */

/* Begin XCConfigurationList section */
		F10000000000000000000001 /* Build configuration list for PBXProject "NovelReader" */ = {
			isa = XCConfigurationList;
			buildConfigurations = (
				F20000000000000000000001 /* Debug */,
				F20000000000000000000002 /* Release */,
			);
			defaultConfigurationIsVisible = 0;
			defaultConfigurationName = Release;
		};
		F10000000000000000000002 /* Build configuration list for PBXNativeTarget "NovelReader" */ = {
			isa = XCConfigurationList;
			buildConfigurations = (
				F20000000000000000000003 /* Debug */,
				F20000000000000000000004 /* Release */,
			);
			defaultConfigurationIsVisible = 0;
			defaultConfigurationName = Release;
		};
/* End XCConfigurationList section */
	};
	rootObject = E10000000000000000000002 /* Project object */;
}
